
Microsoft Visual Studio Solution File, Format Version 12.00
# Visual Studio Version 16
VisualStudioVersion = 16.0.31019.35
MinimumVisualStudioVersion = 10.0.40219.1
Project("{FAE04EC0-301F-11D3-BF4B-00C04F79EFBC}") = "NixTask", "NixTask\NixTask.csproj", "{CE33ED9E-005B-44F5-BBA4-D98EBF3C172A}"
EndProject
Global
	GlobalSection(SolutionConfigurationPlatforms) = preSolution
		Debug|Any CPU = Debug|Any CPU
		Release|Any CPU = Release|Any CPU
	EndGlobalSection
	GlobalSection(ProjectConfigurationPlatforms) = postSolution
		{CE33ED9E-005B-44F5-BBA4-D98EBF3C172A}.Debug|Any CPU.ActiveCfg = Debug|Any CPU
		{CE33ED9E-005B-44F5-BBA4-D98EBF3C172A}.Debug|Any CPU.Build.0 = Debug|Any CPU
		{CE33ED9E-005B-44F5-BBA4-D98EBF3C172A}.Release|Any CPU.ActiveCfg = Release|Any CPU
		{CE33ED9E-005B-44F5-BBA4-D98EBF3C172A}.Release|Any CPU.Build.0 = Release|Any CPU
	EndGlobalSection
	GlobalSection(SolutionProperties) = preSolution
		HideSolutionNode = FALSE
	EndGlobalSection
	GlobalSection(ExtensibilityGlobals) = postSolution
		SolutionGuid = {B087C707-1FCE-4883-8DA3-AEBCD498F2F5}
	EndGlobalSection
EndGlobal
